{
  "name": "ng2-homeworks",
  "version": "1.0.43",
  "lockfileVersion": 1,
  "requires": true,
  "dependencies": {
    "homeworks": {
      "version": "1.0.43",
      "resolved": "https://registry.npmjs.org/homeworks/-/homeworks-1.0.43.tgz",
      "integrity": "sha512-H7eoiTOpqhVnVMM/3W783ixABigqx1/4PriRn5+m3S6MRZRbThEb1dl++YJdMdPQwnBdMyan6Q1hvM1ZN/KSLA=="
    }
  }
}
