{
  "name": "ng2-homeworks",
  "version": "1.0.44",
  "lockfileVersion": 1,
  "requires": true,
  "dependencies": {
    "@angular/core": {
      "version": "5.1.0",
      "resolved": "https://registry.npmjs.org/@angular/core/-/core-5.1.0.tgz",
      "integrity": "sha512-duObjve+INoz4wWuqcaJzl1isUyI37RtRblTFXgZBp2n2n0nXJq1CubcfgxQhMMR2d64xWLKg9+d34PvnzaMmg==",
      "requires": {
        "tslib": "1.8.1"
      }
    },
    "@types/homeworks": {
      "version": "1.0.1",
      "resolved": "https://registry.npmjs.org/@types/homeworks/-/homeworks-1.0.1.tgz",
      "integrity": "sha512-imlivdXjc6k80ic50xYFeY5JV7VcooE/rkRWu/7O9hv+wKhFYukWOtyEnf6iVT6oyQdkG7Kh2K1wxPZBrc9NCw==",
      "dev": true,
      "requires": {
        "@types/jquery": "3.2.16"
      }
    },
    "@types/jquery": {
      "version": "3.2.16",
      "resolved": "https://registry.npmjs.org/@types/jquery/-/jquery-3.2.16.tgz",
      "integrity": "sha512-q2WC02YxQoX2nY1HRKlYGHpGP1saPmD7GN0pwCDlTz35a4eOtJG+aHRlXyjCuXokUukSrR2aXyBhSW3j+jPc0A==",
      "dev": true
    },
    "homeworks": {
      "version": "1.0.43",
      "resolved": "https://registry.npmjs.org/homeworks/-/homeworks-1.0.43.tgz",
      "integrity": "sha512-H7eoiTOpqhVnVMM/3W783ixABigqx1/4PriRn5+m3S6MRZRbThEb1dl++YJdMdPQwnBdMyan6Q1hvM1ZN/KSLA=="
    },
    "tslib": {
      "version": "1.8.1",
      "resolved": "https://registry.npmjs.org/tslib/-/tslib-1.8.1.tgz",
      "integrity": "sha1-aUavLR1lGnsYY7Ux1uWvpBqkTqw="
    }
  }
}
