{
  "name": "ng2-homeworks",
  "version": "1.0.40",
  "lockfileVersion": 1,
  "requires": true,
  "dependencies": {
    "@types/jquery": {
      "version": "https://registry.npmjs.org/@types/jquery/-/jquery-2.0.41.tgz",
      "integrity": "sha1-uHugUQEfme2+WG2Plygud4bgGm0=",
      "dev": true
    },
    "homeworks": {
      "version": "1.0.40",
      "resolved": "https://registry.npmjs.org/homeworks/-/homeworks-1.0.40.tgz",
      "integrity": "sha512-PyXT8hjQpEaeqljkAe3JapRnnXs39pjylYSwr6ID5qGrNbpZaDQjgiq2l9r3J400163E94Iav3m8T53+RWK65Q=="
    }
  }
}
